
Microsoft Visual Studio Solution File, Format Version 12.00
# Visual Studio Version 16
VisualStudioVersion = 16.0.28803.202
MinimumVisualStudioVersion = 10.0.40219.1
Project("{FAE04EC0-301F-11D3-BF4B-00C04F79EFBC}") = "RegexManager", "RegexManager\RegexManager.csproj", "{C5601BE8-02CC-45F7-9F63-B53C9C0CE581}"
EndProject
Project("{FAE04EC0-301F-11D3-BF4B-00C04F79EFBC}") = "RegexManagerTest", "RegexManagerTest\RegexManagerTest.csproj", "{87EE0F3D-866E-4B40-96C6-28D7C4B0A1FB}"
EndProject
Global
	GlobalSection(SolutionConfigurationPlatforms) = preSolution
		Debug|Any CPU = Debug|Any CPU
		Release|Any CPU = Release|Any CPU
	EndGlobalSection
	GlobalSection(ProjectConfigurationPlatforms) = postSolution
		{C5601BE8-02CC-45F7-9F63-B53C9C0CE581}.Debug|Any CPU.ActiveCfg = Debug|Any CPU
		{C5601BE8-02CC-45F7-9F63-B53C9C0CE581}.Debug|Any CPU.Build.0 = Debug|Any CPU
		{C5601BE8-02CC-45F7-9F63-B53C9C0CE581}.Release|Any CPU.ActiveCfg = Release|Any CPU
		{C5601BE8-02CC-45F7-9F63-B53C9C0CE581}.Release|Any CPU.Build.0 = Release|Any CPU
		{87EE0F3D-866E-4B40-96C6-28D7C4B0A1FB}.Debug|Any CPU.ActiveCfg = Debug|Any CPU
		{87EE0F3D-866E-4B40-96C6-28D7C4B0A1FB}.Debug|Any CPU.Build.0 = Debug|Any CPU
		{87EE0F3D-866E-4B40-96C6-28D7C4B0A1FB}.Release|Any CPU.ActiveCfg = Release|Any CPU
		{87EE0F3D-866E-4B40-96C6-28D7C4B0A1FB}.Release|Any CPU.Build.0 = Release|Any CPU
	EndGlobalSection
	GlobalSection(SolutionProperties) = preSolution
		HideSolutionNode = FALSE
	EndGlobalSection
	GlobalSection(ExtensibilityGlobals) = postSolution
		SolutionGuid = {BF849456-41FD-4A8C-8D45-A6B40C89BC9F}
	EndGlobalSection
EndGlobal
